
Microsoft Visual Studio Solution File, Format Version 12.00
# Visual Studio 15
VisualStudioVersion = 15.0.26730.12
MinimumVisualStudioVersion = 10.0.40219.1
Project("{E24C65DC-7377-472B-9ABA-BC803B73C61A}") = "Assignment 3", "Assignment 3\", "{CE64C91C-21FD-4998-8537-D541FF885071}"
	ProjectSection(WebsiteProperties) = preProject
		TargetFrameworkMoniker = ".NETFramework,Version%3Dv3.5"
		Debug.AspNetCompiler.VirtualPath = "/localhost_49215"
		Debug.AspNetCompiler.PhysicalPath = "Assignment 3\"
		Debug.AspNetCompiler.TargetPath = "PrecompiledWeb\localhost_49215\"
		Debug.AspNetCompiler.Updateable = "true"
		Debug.AspNetCompiler.ForceOverwrite = "true"
		Debug.AspNetCompiler.FixedNames = "false"
		Debug.AspNetCompiler.Debug = "True"
		Release.AspNetCompiler.VirtualPath = "/localhost_49215"
		Release.AspNetCompiler.PhysicalPath = "Assignment 3\"
		Release.AspNetCompiler.TargetPath = "PrecompiledWeb\localhost_49215\"
		Release.AspNetCompiler.Updateable = "true"
		Release.AspNetCompiler.ForceOverwrite = "true"
		Release.AspNetCompiler.FixedNames = "false"
		Release.AspNetCompiler.Debug = "False"
		VWDPort = "49215"
		SlnRelativePath = "Assignment 3\"
	EndProjectSection
EndProject
Project("{E24C65DC-7377-472B-9ABA-BC803B73C61A}") = "TickerTape(2)", "TickerTape\", "{B1E8E7AC-29D6-4DCD-9D3A-D0E6F8CCF608}"
	ProjectSection(WebsiteProperties) = preProject
		TargetFrameworkMoniker = ".NETFramework,Version%3Dv3.5"
		Debug.AspNetCompiler.VirtualPath = "/localhost_52848"
		Debug.AspNetCompiler.PhysicalPath = "TickerTape\"
		Debug.AspNetCompiler.TargetPath = "PrecompiledWeb\localhost_52848\"
		Debug.AspNetCompiler.Updateable = "true"
		Debug.AspNetCompiler.ForceOverwrite = "true"
		Debug.AspNetCompiler.FixedNames = "false"
		Debug.AspNetCompiler.Debug = "True"
		Release.AspNetCompiler.VirtualPath = "/localhost_52848"
		Release.AspNetCompiler.PhysicalPath = "TickerTape\"
		Release.AspNetCompiler.TargetPath = "PrecompiledWeb\localhost_52848\"
		Release.AspNetCompiler.Updateable = "true"
		Release.AspNetCompiler.ForceOverwrite = "true"
		Release.AspNetCompiler.FixedNames = "false"
		Release.AspNetCompiler.Debug = "False"
		VWDPort = "52848"
		SlnRelativePath = "TickerTape\"
	EndProjectSection
EndProject
Project("{E24C65DC-7377-472B-9ABA-BC803B73C61A}") = "TextService(1)", "TextService\", "{7C25D9F4-3C8E-4227-8988-6FC4E9378E7A}"
	ProjectSection(WebsiteProperties) = preProject
		TargetFrameworkMoniker = ".NETFramework,Version%3Dv3.5"
		Debug.AspNetCompiler.VirtualPath = "/localhost_52958"
		Debug.AspNetCompiler.PhysicalPath = "TextService\"
		Debug.AspNetCompiler.TargetPath = "PrecompiledWeb\localhost_52958\"
		Debug.AspNetCompiler.Updateable = "true"
		Debug.AspNetCompiler.ForceOverwrite = "true"
		Debug.AspNetCompiler.FixedNames = "false"
		Debug.AspNetCompiler.Debug = "True"
		Release.AspNetCompiler.VirtualPath = "/localhost_52958"
		Release.AspNetCompiler.PhysicalPath = "TextService\"
		Release.AspNetCompiler.TargetPath = "PrecompiledWeb\localhost_52958\"
		Release.AspNetCompiler.Updateable = "true"
		Release.AspNetCompiler.ForceOverwrite = "true"
		Release.AspNetCompiler.FixedNames = "false"
		Release.AspNetCompiler.Debug = "False"
		VWDPort = "52958"
		SlnRelativePath = "TextService\"
	EndProjectSection
EndProject
Global
	GlobalSection(SolutionConfigurationPlatforms) = preSolution
		Debug|Any CPU = Debug|Any CPU
		Release|Any CPU = Release|Any CPU
	EndGlobalSection
	GlobalSection(ProjectConfigurationPlatforms) = postSolution
		{CE64C91C-21FD-4998-8537-D541FF885071}.Debug|Any CPU.ActiveCfg = Debug|Any CPU
		{CE64C91C-21FD-4998-8537-D541FF885071}.Debug|Any CPU.Build.0 = Debug|Any CPU
		{CE64C91C-21FD-4998-8537-D541FF885071}.Release|Any CPU.ActiveCfg = Debug|Any CPU
		{CE64C91C-21FD-4998-8537-D541FF885071}.Release|Any CPU.Build.0 = Debug|Any CPU
		{B1E8E7AC-29D6-4DCD-9D3A-D0E6F8CCF608}.Debug|Any CPU.ActiveCfg = Debug|Any CPU
		{B1E8E7AC-29D6-4DCD-9D3A-D0E6F8CCF608}.Debug|Any CPU.Build.0 = Debug|Any CPU
		{B1E8E7AC-29D6-4DCD-9D3A-D0E6F8CCF608}.Release|Any CPU.ActiveCfg = Debug|Any CPU
		{B1E8E7AC-29D6-4DCD-9D3A-D0E6F8CCF608}.Release|Any CPU.Build.0 = Debug|Any CPU
		{7C25D9F4-3C8E-4227-8988-6FC4E9378E7A}.Debug|Any CPU.ActiveCfg = Debug|Any CPU
		{7C25D9F4-3C8E-4227-8988-6FC4E9378E7A}.Debug|Any CPU.Build.0 = Debug|Any CPU
		{7C25D9F4-3C8E-4227-8988-6FC4E9378E7A}.Release|Any CPU.ActiveCfg = Debug|Any CPU
		{7C25D9F4-3C8E-4227-8988-6FC4E9378E7A}.Release|Any CPU.Build.0 = Debug|Any CPU
	EndGlobalSection
	GlobalSection(SolutionProperties) = preSolution
		HideSolutionNode = FALSE
	EndGlobalSection
	GlobalSection(ExtensibilityGlobals) = postSolution
		SolutionGuid = {B4665231-A5E0-4E3A-89F3-6B995D3455BE}
	EndGlobalSection
EndGlobal
